
Microsoft Visual Studio Solution File, Format Version 12.00
# Visual Studio 15
VisualStudioVersion = 15.0.26228.28
MinimumVisualStudioVersion = 10.0.40219.1
Project("{FAE04EC0-301F-11D3-BF4B-00C04F79EFBC}") = "wfaFolhaPagto_RafaelDaigo2", "wfaFolhaPagto_RafaelDaigo2\wfaFolhaPagto_RafaelDaigo2.csproj", "{C0B9AD88-699C-49E3-9CA4-70973327E4AB}"
EndProject
Global
	GlobalSection(SolutionConfigurationPlatforms) = preSolution
		Debug|Any CPU = Debug|Any CPU
		Release|Any CPU = Release|Any CPU
	EndGlobalSection
	GlobalSection(ProjectConfigurationPlatforms) = postSolution
		{C0B9AD88-699C-49E3-9CA4-70973327E4AB}.Debug|Any CPU.ActiveCfg = Debug|Any CPU
		{C0B9AD88-699C-49E3-9CA4-70973327E4AB}.Debug|Any CPU.Build.0 = Debug|Any CPU
		{C0B9AD88-699C-49E3-9CA4-70973327E4AB}.Release|Any CPU.ActiveCfg = Release|Any CPU
		{C0B9AD88-699C-49E3-9CA4-70973327E4AB}.Release|Any CPU.Build.0 = Release|Any CPU
	EndGlobalSection
	GlobalSection(SolutionProperties) = preSolution
		HideSolutionNode = FALSE
	EndGlobalSection
EndGlobal
